
Microsoft Visual Studio Solution File, Format Version 12.00
# Visual Studio Version 16
VisualStudioVersion = 16.0.32126.315
MinimumVisualStudioVersion = 10.0.40219.1
Project("{FAE04EC0-301F-11D3-BF4B-00C04F79EFBC}") = "Lab11", "Lab11\Lab11.csproj", "{6E060974-E184-4E01-9F7D-FEAC2EFCA810}"
EndProject
Global
	GlobalSection(SolutionConfigurationPlatforms) = preSolution
		Debug|Any CPU = Debug|Any CPU
		Release|Any CPU = Release|Any CPU
	EndGlobalSection
	GlobalSection(ProjectConfigurationPlatforms) = postSolution
		{6E060974-E184-4E01-9F7D-FEAC2EFCA810}.Debug|Any CPU.ActiveCfg = Debug|Any CPU
		{6E060974-E184-4E01-9F7D-FEAC2EFCA810}.Debug|Any CPU.Build.0 = Debug|Any CPU
		{6E060974-E184-4E01-9F7D-FEAC2EFCA810}.Release|Any CPU.ActiveCfg = Release|Any CPU
		{6E060974-E184-4E01-9F7D-FEAC2EFCA810}.Release|Any CPU.Build.0 = Release|Any CPU
	EndGlobalSection
	GlobalSection(SolutionProperties) = preSolution
		HideSolutionNode = FALSE
	EndGlobalSection
	GlobalSection(ExtensibilityGlobals) = postSolution
		SolutionGuid = {C853DF09-22A3-4D33-9195-E9763C532C9F}
	EndGlobalSection
EndGlobal
